
Microsoft Visual Studio Solution File, Format Version 12.00
# Visual Studio Version 17
VisualStudioVersion = 17.0.31903.59
MinimumVisualStudioVersion = 10.0.40219.1
Project("{2150E333-8FDC-42A3-9474-1A3956D46DE8}") = "src", "src", "{B60BF955-E929-4694-8F18-80BC031BF6DC}"
EndProject
Project("{FAE04EC0-301F-11D3-BF4B-00C04F79EFBC}") = "SlashPineTech.Forestry.Patching", "src\SlashPineTech.Forestry.Patching\SlashPineTech.Forestry.Patching.csproj", "{97E5BB8C-5723-4661-B9EC-96A715A607F6}"
EndProject
Global
	GlobalSection(SolutionConfigurationPlatforms) = preSolution
		Debug|Any CPU = Debug|Any CPU
		Release|Any CPU = Release|Any CPU
	EndGlobalSection
	GlobalSection(SolutionProperties) = preSolution
		HideSolutionNode = FALSE
	EndGlobalSection
	GlobalSection(ProjectConfigurationPlatforms) = postSolution
		{97E5BB8C-5723-4661-B9EC-96A715A607F6}.Debug|Any CPU.ActiveCfg = Debug|Any CPU
		{97E5BB8C-5723-4661-B9EC-96A715A607F6}.Debug|Any CPU.Build.0 = Debug|Any CPU
		{97E5BB8C-5723-4661-B9EC-96A715A607F6}.Release|Any CPU.ActiveCfg = Release|Any CPU
		{97E5BB8C-5723-4661-B9EC-96A715A607F6}.Release|Any CPU.Build.0 = Release|Any CPU
	EndGlobalSection
	GlobalSection(NestedProjects) = preSolution
		{97E5BB8C-5723-4661-B9EC-96A715A607F6} = {B60BF955-E929-4694-8F18-80BC031BF6DC}
	EndGlobalSection
EndGlobal
